
Microsoft Visual Studio Solution File, Format Version 12.00
# Visual Studio Version 17
VisualStudioVersion = 17.3.32825.248
MinimumVisualStudioVersion = 10.0.40219.1
Project("{9A19103F-16F7-4668-BE54-9A1E7A4F7556}") = "Notes.Infra", "Notes.Infra\Notes.Infra.csproj", "{88C1C883-938C-423B-9E74-6D51B097F600}"
EndProject
Project("{9A19103F-16F7-4668-BE54-9A1E7A4F7556}") = "Notes.Api", "Notes.Api\Notes.Api.csproj", "{8CE025E4-C690-44B6-A03A-B2979F6476E7}"
EndProject
Project("{9A19103F-16F7-4668-BE54-9A1E7A4F7556}") = "Domain", "Domain\Domain.csproj", "{A923BF82-A697-4500-89F4-A3C1D101AED7}"
EndProject
Project("{9A19103F-16F7-4668-BE54-9A1E7A4F7556}") = "Notes.Application", "Notes.Application\Notes.Application.csproj", "{E83CB1B6-180D-486B-B594-EE19DFD3F3F5}"
EndProject
Project("{FAE04EC0-301F-11D3-BF4B-00C04F79EFBC}") = "Notes.IntegrationTests", "Notes.IntegrationTests\Notes.IntegrationTests.csproj", "{C95AA4B8-31CC-4DA5-B87E-02F6D93EF2B5}"
EndProject
Global
	GlobalSection(SolutionConfigurationPlatforms) = preSolution
		Debug|Any CPU = Debug|Any CPU
		Release|Any CPU = Release|Any CPU
	EndGlobalSection
	GlobalSection(ProjectConfigurationPlatforms) = postSolution
		{88C1C883-938C-423B-9E74-6D51B097F600}.Debug|Any CPU.ActiveCfg = Debug|Any CPU
		{88C1C883-938C-423B-9E74-6D51B097F600}.Debug|Any CPU.Build.0 = Debug|Any CPU
		{88C1C883-938C-423B-9E74-6D51B097F600}.Release|Any CPU.ActiveCfg = Release|Any CPU
		{88C1C883-938C-423B-9E74-6D51B097F600}.Release|Any CPU.Build.0 = Release|Any CPU
		{8CE025E4-C690-44B6-A03A-B2979F6476E7}.Debug|Any CPU.ActiveCfg = Debug|Any CPU
		{8CE025E4-C690-44B6-A03A-B2979F6476E7}.Debug|Any CPU.Build.0 = Debug|Any CPU
		{8CE025E4-C690-44B6-A03A-B2979F6476E7}.Release|Any CPU.ActiveCfg = Release|Any CPU
		{8CE025E4-C690-44B6-A03A-B2979F6476E7}.Release|Any CPU.Build.0 = Release|Any CPU
		{A923BF82-A697-4500-89F4-A3C1D101AED7}.Debug|Any CPU.ActiveCfg = Debug|Any CPU
		{A923BF82-A697-4500-89F4-A3C1D101AED7}.Debug|Any CPU.Build.0 = Debug|Any CPU
		{A923BF82-A697-4500-89F4-A3C1D101AED7}.Release|Any CPU.ActiveCfg = Release|Any CPU
		{A923BF82-A697-4500-89F4-A3C1D101AED7}.Release|Any CPU.Build.0 = Release|Any CPU
		{E83CB1B6-180D-486B-B594-EE19DFD3F3F5}.Debug|Any CPU.ActiveCfg = Debug|Any CPU
		{E83CB1B6-180D-486B-B594-EE19DFD3F3F5}.Debug|Any CPU.Build.0 = Debug|Any CPU
		{E83CB1B6-180D-486B-B594-EE19DFD3F3F5}.Release|Any CPU.ActiveCfg = Release|Any CPU
		{E83CB1B6-180D-486B-B594-EE19DFD3F3F5}.Release|Any CPU.Build.0 = Release|Any CPU
		{C95AA4B8-31CC-4DA5-B87E-02F6D93EF2B5}.Debug|Any CPU.ActiveCfg = Debug|Any CPU
		{C95AA4B8-31CC-4DA5-B87E-02F6D93EF2B5}.Debug|Any CPU.Build.0 = Debug|Any CPU
		{C95AA4B8-31CC-4DA5-B87E-02F6D93EF2B5}.Release|Any CPU.ActiveCfg = Release|Any CPU
		{C95AA4B8-31CC-4DA5-B87E-02F6D93EF2B5}.Release|Any CPU.Build.0 = Release|Any CPU
	EndGlobalSection
	GlobalSection(SolutionProperties) = preSolution
		HideSolutionNode = FALSE
	EndGlobalSection
	GlobalSection(ExtensibilityGlobals) = postSolution
		SolutionGuid = {ABA2B83A-23ED-4694-B526-3FF012581758}
	EndGlobalSection
EndGlobal
